// !$*UTF8*$!
{
	archiveVersion = 1;
	classes = {
	};
	objectVersion = 55;
	objects = {

/* Begin PBXBuildFile section */
		340DF0B928C0138200D64102 /* IPhoneScene.swift in Sources */ = {isa = PBXBuildFile; fileRef = 340DF0B828C0138200D64102 /* IPhoneScene.swift */; };
		340DF0BB28C0156A00D64102 /* ProfileView.swift in Sources */ = {isa = PBXBuildFile; fileRef = 340DF0BA28C0156A00D64102 /* ProfileView.swift */; };
		340DF0BD28C0158F00D64102 /* CalculatorView.swift in Sources */ = {isa = PBXBuildFile; fileRef = 340DF0BC28C0158F00D64102 /* CalculatorView.swift */; };
		340F6FA9284598DC009A2A6D /* TimezoneFollowerApp.swift in Sources */ = {isa = PBXBuildFile; fileRef = 340F6FA8284598DC009A2A6D /* TimezoneFollowerApp.swift */; };
		340F6FAB284598DC009A2A6D /* ContentView.swift in Sources */ = {isa = PBXBuildFile; fileRef = 340F6FAA284598DC009A2A6D /* ContentView.swift */; };
		340F6FAD284598DD009A2A6D /* Assets.xcassets in Resources */ = {isa = PBXBuildFile; fileRef = 340F6FAC284598DD009A2A6D /* Assets.xcassets */; };
		340F6FB0284598DD009A2A6D /* Preview Assets.xcassets in Resources */ = {isa = PBXBuildFile; fileRef = 340F6FAF284598DD009A2A6D /* Preview Assets.xcassets */; };
		340F6FBA284598DE009A2A6D /* TimezoneFollowerTests.swift in Sources */ = {isa = PBXBuildFile; fileRef = 340F6FB9284598DE009A2A6D /* TimezoneFollowerTests.swift */; };
		340F6FC4284598DE009A2A6D /* TimezoneFollowerUITests.swift in Sources */ = {isa = PBXBuildFile; fileRef = 340F6FC3284598DE009A2A6D /* TimezoneFollowerUITests.swift */; };
		340F6FC6284598DE009A2A6D /* TimezoneFollowerUITestsLaunchTests.swift in Sources */ = {isa = PBXBuildFile; fileRef = 340F6FC5284598DE009A2A6D /* TimezoneFollowerUITestsLaunchTests.swift */; };
		340F6FD92846DBEE009A2A6D /* CityView.swift in Sources */ = {isa = PBXBuildFile; fileRef = 340F6FD82846DBEE009A2A6D /* CityView.swift */; };
		340F6FE22846E358009A2A6D /* citiesData.json in Resources */ = {isa = PBXBuildFile; fileRef = 340F6FE12846E358009A2A6D /* citiesData.json */; };
		340F6FE42846E69A009A2A6D /* City.swift in Sources */ = {isa = PBXBuildFile; fileRef = 340F6FE32846E69A009A2A6D /* City.swift */; };
		340F6FE62846E76B009A2A6D /* ModelData.swift in Sources */ = {isa = PBXBuildFile; fileRef = 340F6FE52846E76B009A2A6D /* ModelData.swift */; };
		340F6FE82847D642009A2A6D /* CityList.swift in Sources */ = {isa = PBXBuildFile; fileRef = 340F6FE72847D642009A2A6D /* CityList.swift */; };
/* End PBXBuildFile section */

/* Begin PBXContainerItemProxy section */
		340F6FB6284598DE009A2A6D /* PBXContainerItemProxy */ = {
			isa = PBXContainerItemProxy;
			containerPortal = 340F6F9D284598DC009A2A6D /* Project object */;
			proxyType = 1;
			remoteGlobalIDString = 340F6FA4284598DC009A2A6D;
			remoteInfo = TimezoneFollower;
		};
		340F6FC0284598DE009A2A6D /* PBXContainerItemProxy */ = {
			isa = PBXContainerItemProxy;
			containerPortal = 340F6F9D284598DC009A2A6D /* Project object */;
			proxyType = 1;
			remoteGlobalIDString = 340F6FA4284598DC009A2A6D;
			remoteInfo = TimezoneFollower;
		};
/* End PBXContainerItemProxy section */

/* Begin PBXFileReference section */
		340DF0B828C0138200D64102 /* IPhoneScene.swift */ = {isa = PBXFileReference; lastKnownFileType = sourcecode.swift; path = IPhoneScene.swift; sourceTree = "<group>"; };
		340DF0BA28C0156A00D64102 /* ProfileView.swift */ = {isa = PBXFileReference; lastKnownFileType = sourcecode.swift; path = ProfileView.swift; sourceTree = "<group>"; };
		340DF0BC28C0158F00D64102 /* CalculatorView.swift */ = {isa = PBXFileReference; lastKnownFileType = sourcecode.swift; path = CalculatorView.swift; sourceTree = "<group>"; };
		340F6FA5284598DC009A2A6D /* TimezoneFollower.app */ = {isa = PBXFileReference; explicitFileType = wrapper.application; includeInIndex = 0; path = TimezoneFollower.app; sourceTree = BUILT_PRODUCTS_DIR; };
		340F6FA8284598DC009A2A6D /* TimezoneFollowerApp.swift */ = {isa = PBXFileReference; lastKnownFileType = sourcecode.swift; path = TimezoneFollowerApp.swift; sourceTree = "<group>"; };
		340F6FAA284598DC009A2A6D /* ContentView.swift */ = {isa = PBXFileReference; lastKnownFileType = sourcecode.swift; path = ContentView.swift; sourceTree = "<group>"; };
		340F6FAC284598DD009A2A6D /* Assets.xcassets */ = {isa = PBXFileReference; lastKnownFileType = folder.assetcatalog; path = Assets.xcassets; sourceTree = "<group>"; };
		340F6FAF284598DD009A2A6D /* Preview Assets.xcassets */ = {isa = PBXFileReference; lastKnownFileType = folder.assetcatalog; path = "Preview Assets.xcassets"; sourceTree = "<group>"; };
		340F6FB5284598DE009A2A6D /* TimezoneFollowerTests.xctest */ = {isa = PBXFileReference; explicitFileType = wrapper.cfbundle; includeInIndex = 0; path = TimezoneFollowerTests.xctest; sourceTree = BUILT_PRODUCTS_DIR; };
		340F6FB9284598DE009A2A6D /* TimezoneFollowerTests.swift */ = {isa = PBXFileReference; lastKnownFileType = sourcecode.swift; path = TimezoneFollowerTests.swift; sourceTree = "<group>"; };
		340F6FBF284598DE009A2A6D /* TimezoneFollowerUITests.xctest */ = {isa = PBXFileReference; explicitFileType = wrapper.cfbundle; includeInIndex = 0; path = TimezoneFollowerUITests.xctest; sourceTree = BUILT_PRODUCTS_DIR; };
		340F6FC3284598DE009A2A6D /* TimezoneFollowerUITests.swift */ = {isa = PBXFileReference; lastKnownFileType = sourcecode.swift; path = TimezoneFollowerUITests.swift; sourceTree = "<group>"; };
		340F6FC5284598DE009A2A6D /* TimezoneFollowerUITestsLaunchTests.swift */ = {isa = PBXFileReference; lastKnownFileType = sourcecode.swift; path = TimezoneFollowerUITestsLaunchTests.swift; sourceTree = "<group>"; };
		340F6FD82846DBEE009A2A6D /* CityView.swift */ = {isa = PBXFileReference; lastKnownFileType = sourcecode.swift; path = CityView.swift; sourceTree = "<group>"; };
		340F6FE12846E358009A2A6D /* citiesData.json */ = {isa = PBXFileReference; fileEncoding = 4; lastKnownFileType = text.json; path = citiesData.json; sourceTree = "<group>"; };
		340F6FE32846E69A009A2A6D /* City.swift */ = {isa = PBXFileReference; lastKnownFileType = sourcecode.swift; path = City.swift; sourceTree = "<group>"; };
		340F6FE52846E76B009A2A6D /* ModelData.swift */ = {isa = PBXFileReference; lastKnownFileType = sourcecode.swift; path = ModelData.swift; sourceTree = "<group>"; };
		340F6FE72847D642009A2A6D /* CityList.swift */ = {isa = PBXFileReference; lastKnownFileType = sourcecode.swift; path = CityList.swift; sourceTree = "<group>"; };
/* End PBXFileReference section */

/* Begin PBXFrameworksBuildPhase section */
		340F6FA2284598DC009A2A6D /* Frameworks */ = {
			isa = PBXFrameworksBuildPhase;
			buildActionMask = 2147483647;
			files = (
			);
			runOnlyForDeploymentPostprocessing = 0;
		};
		340F6FB2284598DE009A2A6D /* Frameworks */ = {
			isa = PBXFrameworksBuildPhase;
			buildActionMask = 2147483647;
			files = (
			);
			runOnlyForDeploymentPostprocessing = 0;
		};
		340F6FBC284598DE009A2A6D /* Frameworks */ = {
			isa = PBXFrameworksBuildPhase;
			buildActionMask = 2147483647;
			files = (
			);
			runOnlyForDeploymentPostprocessing = 0;
		};
/* End PBXFrameworksBuildPhase section */

/* Begin PBXGroup section */
		340DF0B328BEF03100D64102 /* Configs */ = {
			isa = PBXGroup;
			children = (
			);
			name = Configs;
			sourceTree = "<group>";
		};
		340F6F9C284598DC009A2A6D = {
			isa = PBXGroup;
			children = (
				340F6FA7284598DC009A2A6D /* TimezoneFollower */,
				340F6FB8284598DE009A2A6D /* TimezoneFollowerTests */,
				340F6FC2284598DE009A2A6D /* TimezoneFollowerUITests */,
				340F6FA6284598DC009A2A6D /* Products */,
			);
			sourceTree = "<group>";
		};
		340F6FA6284598DC009A2A6D /* Products */ = {
			isa = PBXGroup;
			children = (
				340F6FA5284598DC009A2A6D /* TimezoneFollower.app */,
				340F6FB5284598DE009A2A6D /* TimezoneFollowerTests.xctest */,
				340F6FBF284598DE009A2A6D /* TimezoneFollowerUITests.xctest */,
			);
			name = Products;
			sourceTree = "<group>";
		};
		340F6FA7284598DC009A2A6D /* TimezoneFollower */ = {
			isa = PBXGroup;
			children = (
				340DF0B328BEF03100D64102 /* Configs */,
				340F6FE02846E301009A2A6D /* Resources */,
				340F6FDE2846E2CE009A2A6D /* Model */,
				340F6FA8284598DC009A2A6D /* TimezoneFollowerApp.swift */,
				340F6FDD2846E2B5009A2A6D /* Views */,
				340F6FAC284598DD009A2A6D /* Assets.xcassets */,
				340F6FAE284598DD009A2A6D /* Preview Content */,
			);
			path = TimezoneFollower;
			sourceTree = "<group>";
		};
		340F6FAE284598DD009A2A6D /* Preview Content */ = {
			isa = PBXGroup;
			children = (
				340F6FAF284598DD009A2A6D /* Preview Assets.xcassets */,
			);
			path = "Preview Content";
			sourceTree = "<group>";
		};
		340F6FB8284598DE009A2A6D /* TimezoneFollowerTests */ = {
			isa = PBXGroup;
			children = (
				340F6FB9284598DE009A2A6D /* TimezoneFollowerTests.swift */,
			);
			path = TimezoneFollowerTests;
			sourceTree = "<group>";
		};
		340F6FC2284598DE009A2A6D /* TimezoneFollowerUITests */ = {
			isa = PBXGroup;
			children = (
				340F6FC3284598DE009A2A6D /* TimezoneFollowerUITests.swift */,
				340F6FC5284598DE009A2A6D /* TimezoneFollowerUITestsLaunchTests.swift */,
			);
			path = TimezoneFollowerUITests;
			sourceTree = "<group>";
		};
		340F6FDD2846E2B5009A2A6D /* Views */ = {
			isa = PBXGroup;
			children = (
				340F6FAA284598DC009A2A6D /* ContentView.swift */,
				340F6FD82846DBEE009A2A6D /* CityView.swift */,
				340F6FE72847D642009A2A6D /* CityList.swift */,
				340DF0B828C0138200D64102 /* IPhoneScene.swift */,
				340DF0BA28C0156A00D64102 /* ProfileView.swift */,
				340DF0BC28C0158F00D64102 /* CalculatorView.swift */,
			);
			path = Views;
			sourceTree = "<group>";
		};
		340F6FDE2846E2CE009A2A6D /* Model */ = {
			isa = PBXGroup;
			children = (
				340F6FE32846E69A009A2A6D /* City.swift */,
				340F6FE52846E76B009A2A6D /* ModelData.swift */,
			);
			path = Model;
			sourceTree = "<group>";
		};
		340F6FE02846E301009A2A6D /* Resources */ = {
			isa = PBXGroup;
			children = (
				340F6FE12846E358009A2A6D /* citiesData.json */,
			);
			path = Resources;
			sourceTree = "<group>";
		};
/* End PBXGroup section */

/* Begin PBXNativeTarget section */
		340F6FA4284598DC009A2A6D /* TimezoneFollower */ = {
			isa = PBXNativeTarget;
			buildConfigurationList = 340F6FC9284598DE009A2A6D /* Build configuration list for PBXNativeTarget "TimezoneFollower" */;
			buildPhases = (
				340F6FA1284598DC009A2A6D /* Sources */,
				340F6FA2284598DC009A2A6D /* Frameworks */,
				340F6FA3284598DC009A2A6D /* Resources */,
			);
			buildRules = (
			);
			dependencies = (
			);
			name = TimezoneFollower;
			productName = TimezoneFollower;
			productReference = 340F6FA5284598DC009A2A6D /* TimezoneFollower.app */;
			productType = "com.apple.product-type.application";
		};
		340F6FB4284598DE009A2A6D /* TimezoneFollowerTests */ = {
			isa = PBXNativeTarget;
			buildConfigurationList = 340F6FCC284598DE009A2A6D /* Build configuration list for PBXNativeTarget "TimezoneFollowerTests" */;
			buildPhases = (
				340F6FB1284598DE009A2A6D /* Sources */,
				340F6FB2284598DE009A2A6D /* Frameworks */,
				340F6FB3284598DE009A2A6D /* Resources */,
			);
			buildRules = (
			);
			dependencies = (
				340F6FB7284598DE009A2A6D /* PBXTargetDependency */,
			);
			name = TimezoneFollowerTests;
			productName = TimezoneFollowerTests;
			productReference = 340F6FB5284598DE009A2A6D /* TimezoneFollowerTests.xctest */;
			productType = "com.apple.product-type.bundle.unit-test";
		};
		340F6FBE284598DE009A2A6D /* TimezoneFollowerUITests */ = {
			isa = PBXNativeTarget;
			buildConfigurationList = 340F6FCF284598DE009A2A6D /* Build configuration list for PBXNativeTarget "TimezoneFollowerUITests" */;
			buildPhases = (
				340F6FBB284598DE009A2A6D /* Sources */,
				340F6FBC284598DE009A2A6D /* Frameworks */,
				340F6FBD284598DE009A2A6D /* Resources */,
			);
			buildRules = (
			);
			dependencies = (
				340F6FC1284598DE009A2A6D /* PBXTargetDependency */,
			);
			name = TimezoneFollowerUITests;
			productName = TimezoneFollowerUITests;
			productReference = 340F6FBF284598DE009A2A6D /* TimezoneFollowerUITests.xctest */;
			productType = "com.apple.product-type.bundle.ui-testing";
		};
/* End PBXNativeTarget section */

/* Begin PBXProject section */
		340F6F9D284598DC009A2A6D /* Project object */ = {
			isa = PBXProject;
			attributes = {
				BuildIndependentTargetsInParallel = 1;
				LastSwiftUpdateCheck = 1320;
				LastUpgradeCheck = 1320;
				TargetAttributes = {
					340F6FA4284598DC009A2A6D = {
						CreatedOnToolsVersion = 13.2.1;
					};
					340F6FB4284598DE009A2A6D = {
						CreatedOnToolsVersion = 13.2.1;
						TestTargetID = 340F6FA4284598DC009A2A6D;
					};
					340F6FBE284598DE009A2A6D = {
						CreatedOnToolsVersion = 13.2.1;
						TestTargetID = 340F6FA4284598DC009A2A6D;
					};
				};
			};
			buildConfigurationList = 340F6FA0284598DC009A2A6D /* Build configuration list for PBXProject "TimezoneFollower" */;
			compatibilityVersion = "Xcode 13.0";
			developmentRegion = en;
			hasScannedForEncodings = 0;
			knownRegions = (
				en,
				Base,
			);
			mainGroup = 340F6F9C284598DC009A2A6D;
			productRefGroup = 340F6FA6284598DC009A2A6D /* Products */;
			projectDirPath = "";
			projectRoot = "";
			targets = (
				340F6FA4284598DC009A2A6D /* TimezoneFollower */,
				340F6FB4284598DE009A2A6D /* TimezoneFollowerTests */,
				340F6FBE284598DE009A2A6D /* TimezoneFollowerUITests */,
			);
		};
/* End PBXProject section */

/* Begin PBXResourcesBuildPhase section */
		340F6FA3284598DC009A2A6D /* Resources */ = {
			isa = PBXResourcesBuildPhase;
			buildActionMask = 2147483647;
			files = (
				340F6FB0284598DD009A2A6D /* Preview Assets.xcassets in Resources */,
				340F6FAD284598DD009A2A6D /* Assets.xcassets in Resources */,
				340F6FE22846E358009A2A6D /* citiesData.json in Resources */,
			);
			runOnlyForDeploymentPostprocessing = 0;
		};
		340F6FB3284598DE009A2A6D /* Resources */ = {
			isa = PBXResourcesBuildPhase;
			buildActionMask = 2147483647;
			files = (
			);
			runOnlyForDeploymentPostprocessing = 0;
		};
		340F6FBD284598DE009A2A6D /* Resources */ = {
			isa = PBXResourcesBuildPhase;
			buildActionMask = 2147483647;
			files = (
			);
			runOnlyForDeploymentPostprocessing = 0;
		};
/* End PBXResourcesBuildPhase section */

/* Begin PBXSourcesBuildPhase section */
		340F6FA1284598DC009A2A6D /* Sources */ = {
			isa = PBXSourcesBuildPhase;
			buildActionMask = 2147483647;
			files = (
				340DF0BB28C0156A00D64102 /* ProfileView.swift in Sources */,
				340DF0B928C0138200D64102 /* IPhoneScene.swift in Sources */,
				340F6FE42846E69A009A2A6D /* City.swift in Sources */,
				340F6FAB284598DC009A2A6D /* ContentView.swift in Sources */,
				340F6FE62846E76B009A2A6D /* ModelData.swift in Sources */,
				340F6FD92846DBEE009A2A6D /* CityView.swift in Sources */,
				340F6FE82847D642009A2A6D /* CityList.swift in Sources */,
				340DF0BD28C0158F00D64102 /* CalculatorView.swift in Sources */,
				340F6FA9284598DC009A2A6D /* TimezoneFollowerApp.swift in Sources */,
			);
			runOnlyForDeploymentPostprocessing = 0;
		};
		340F6FB1284598DE009A2A6D /* Sources */ = {
			isa = PBXSourcesBuildPhase;
			buildActionMask = 2147483647;
			files = (
				340F6FBA284598DE009A2A6D /* TimezoneFollowerTests.swift in Sources */,
			);
			runOnlyForDeploymentPostprocessing = 0;
		};
		340F6FBB284598DE009A2A6D /* Sources */ = {
			isa = PBXSourcesBuildPhase;
			buildActionMask = 2147483647;
			files = (
				340F6FC4284598DE009A2A6D /* TimezoneFollowerUITests.swift in Sources */,
				340F6FC6284598DE009A2A6D /* TimezoneFollowerUITestsLaunchTests.swift in Sources */,
			);
			runOnlyForDeploymentPostprocessing = 0;
		};
/* End PBXSourcesBuildPhase section */

/* Begin PBXTargetDependency section */
		340F6FB7284598DE009A2A6D /* PBXTargetDependency */ = {
			isa = PBXTargetDependency;
			target = 340F6FA4284598DC009A2A6D /* TimezoneFollower */;
			targetProxy = 340F6FB6284598DE009A2A6D /* PBXContainerItemProxy */;
		};
		340F6FC1284598DE009A2A6D /* PBXTargetDependency */ = {
			isa = PBXTargetDependency;
			target = 340F6FA4284598DC009A2A6D /* TimezoneFollower */;
			targetProxy = 340F6FC0284598DE009A2A6D /* PBXContainerItemProxy */;
		};
/* End PBXTargetDependency section */

/* Begin XCBuildConfiguration section */
		340F6FC7284598DE009A2A6D /* Debug */ = {
			isa = XCBuildConfiguration;
			buildSettings = {
				ALWAYS_SEARCH_USER_PATHS = NO;
				CLANG_ANALYZER_NONNULL = YES;
				CLANG_ANALYZER_NUMBER_OBJECT_CONVERSION = YES_AGGRESSIVE;
				CLANG_CXX_LANGUAGE_STANDARD = "gnu++17";
				CLANG_CXX_LIBRARY = "libc++";
				CLANG_ENABLE_MODULES = YES;
				CLANG_ENABLE_OBJC_ARC = YES;
				CLANG_ENABLE_OBJC_WEAK = YES;
				CLANG_WARN_BLOCK_CAPTURE_AUTORELEASING = YES;
				CLANG_WARN_BOOL_CONVERSION = YES;
				CLANG_WARN_COMMA = YES;
				CLANG_WARN_CONSTANT_CONVERSION = YES;
				CLANG_WARN_DEPRECATED_OBJC_IMPLEMENTATIONS = YES;
				CLANG_WARN_DIRECT_OBJC_ISA_USAGE = YES_ERROR;
				CLANG_WARN_DOCUMENTATION_COMMENTS = YES;
				CLANG_WARN_EMPTY_BODY = YES;
				CLANG_WARN_ENUM_CONVERSION = YES;
				CLANG_WARN_INFINITE_RECURSION = YES;
				CLANG_WARN_INT_CONVERSION = YES;
				CLANG_WARN_NON_LITERAL_NULL_CONVERSION = YES;
				CLANG_WARN_OBJC_IMPLICIT_RETAIN_SELF = YES;
				CLANG_WARN_OBJC_LITERAL_CONVERSION = YES;
				CLANG_WARN_OBJC_ROOT_CLASS = YES_ERROR;
				CLANG_WARN_QUOTED_INCLUDE_IN_FRAMEWORK_HEADER = YES;
				CLANG_WARN_RANGE_LOOP_ANALYSIS = YES;
				CLANG_WARN_STRICT_PROTOTYPES = YES;
				CLANG_WARN_SUSPICIOUS_MOVE = YES;
				CLANG_WARN_UNGUARDED_AVAILABILITY = YES_AGGRESSIVE;
				CLANG_WARN_UNREACHABLE_CODE = YES;
				CLANG_WARN__DUPLICATE_METHOD_MATCH = YES;
				COPY_PHASE_STRIP = NO;
				DEBUG_INFORMATION_FORMAT = dwarf;
				ENABLE_STRICT_OBJC_MSGSEND = YES;
				ENABLE_TESTABILITY = YES;
				GCC_C_LANGUAGE_STANDARD = gnu11;
				GCC_DYNAMIC_NO_PIC = NO;
				GCC_NO_COMMON_BLOCKS = YES;
				GCC_OPTIMIZATION_LEVEL = 0;
				GCC_PREPROCESSOR_DEFINITIONS = (
					"DEBUG=1",
					"$(inherited)",
				);
				GCC_WARN_64_TO_32_BIT_CONVERSION = YES;
				GCC_WARN_ABOUT_RETURN_TYPE = YES_ERROR;
				GCC_WARN_UNDECLARED_SELECTOR = YES;
				GCC_WARN_UNINITIALIZED_AUTOS = YES_AGGRESSIVE;
				GCC_WARN_UNUSED_FUNCTION = YES;
				GCC_WARN_UNUSED_VARIABLE = YES;
				IPHONEOS_DEPLOYMENT_TARGET = 15.2;
				MTL_ENABLE_DEBUG_INFO = INCLUDE_SOURCE;
				MTL_FAST_MATH = YES;
				ONLY_ACTIVE_ARCH = YES;
				SDKROOT = iphoneos;
				SWIFT_ACTIVE_COMPILATION_CONDITIONS = DEBUG;
				SWIFT_OPTIMIZATION_LEVEL = "-Onone";
			};
			name = Debug;
		};
		340F6FC8284598DE009A2A6D /* Release */ = {
			isa = XCBuildConfiguration;
			buildSettings = {
				ALWAYS_SEARCH_USER_PATHS = NO;
				CLANG_ANALYZER_NONNULL = YES;
				CLANG_ANALYZER_NUMBER_OBJECT_CONVERSION = YES_AGGRESSIVE;
				CLANG_CXX_LANGUAGE_STANDARD = "gnu++17";
				CLANG_CXX_LIBRARY = "libc++";
				CLANG_ENABLE_MODULES = YES;
				CLANG_ENABLE_OBJC_ARC = YES;
				CLANG_ENABLE_OBJC_WEAK = YES;
				CLANG_WARN_BLOCK_CAPTURE_AUTORELEASING = YES;
				CLANG_WARN_BOOL_CONVERSION = YES;
				CLANG_WARN_COMMA = YES;
				CLANG_WARN_CONSTANT_CONVERSION = YES;
				CLANG_WARN_DEPRECATED_OBJC_IMPLEMENTATIONS = YES;
				CLANG_WARN_DIRECT_OBJC_ISA_USAGE = YES_ERROR;
				CLANG_WARN_DOCUMENTATION_COMMENTS = YES;
				CLANG_WARN_EMPTY_BODY = YES;
				CLANG_WARN_ENUM_CONVERSION = YES;
				CLANG_WARN_INFINITE_RECURSION = YES;
				CLANG_WARN_INT_CONVERSION = YES;
				CLANG_WARN_NON_LITERAL_NULL_CONVERSION = YES;
				CLANG_WARN_OBJC_IMPLICIT_RETAIN_SELF = YES;
				CLANG_WARN_OBJC_LITERAL_CONVERSION = YES;
				CLANG_WARN_OBJC_ROOT_CLASS = YES_ERROR;
				CLANG_WARN_QUOTED_INCLUDE_IN_FRAMEWORK_HEADER = YES;
				CLANG_WARN_RANGE_LOOP_ANALYSIS = YES;
				CLANG_WARN_STRICT_PROTOTYPES = YES;
				CLANG_WARN_SUSPICIOUS_MOVE = YES;
				CLANG_WARN_UNGUARDED_AVAILABILITY = YES_AGGRESSIVE;
				CLANG_WARN_UNREACHABLE_CODE = YES;
				CLANG_WARN__DUPLICATE_METHOD_MATCH = YES;
				COPY_PHASE_STRIP = NO;
				DEBUG_INFORMATION_FORMAT = "dwarf-with-dsym";
				ENABLE_NS_ASSERTIONS = NO;
				ENABLE_STRICT_OBJC_MSGSEND = YES;
				GCC_C_LANGUAGE_STANDARD = gnu11;
				GCC_NO_COMMON_BLOCKS = YES;
				GCC_WARN_64_TO_32_BIT_CONVERSION = YES;
				GCC_WARN_ABOUT_RETURN_TYPE = YES_ERROR;
				GCC_WARN_UNDECLARED_SELECTOR = YES;
				GCC_WARN_UNINITIALIZED_AUTOS = YES_AGGRESSIVE;
				GCC_WARN_UNUSED_FUNCTION = YES;
				GCC_WARN_UNUSED_VARIABLE = YES;
				IPHONEOS_DEPLOYMENT_TARGET = 15.2;
				MTL_ENABLE_DEBUG_INFO = NO;
				MTL_FAST_MATH = YES;
				SDKROOT = iphoneos;
				SWIFT_COMPILATION_MODE = wholemodule;
				SWIFT_OPTIMIZATION_LEVEL = "-O";
				VALIDATE_PRODUCT = YES;
			};
			name = Release;
		};
		340F6FCA284598DE009A2A6D /* Debug */ = {
			isa = XCBuildConfiguration;
			buildSettings = {
				ASSETCATALOG_COMPILER_APPICON_NAME = AppIcon;
				ASSETCATALOG_COMPILER_GLOBAL_ACCENT_COLOR_NAME = AccentColor;
				CODE_SIGN_STYLE = Automatic;
				CURRENT_PROJECT_VERSION = 1;
				DEVELOPMENT_ASSET_PATHS = "\"TimezoneFollower/Preview Content\"";
				DEVELOPMENT_TEAM = XP622UCQGG;
				ENABLE_PREVIEWS = YES;
				GENERATE_INFOPLIST_FILE = YES;
				INFOPLIST_KEY_UIApplicationSceneManifest_Generation = YES;
				INFOPLIST_KEY_UIApplicationSupportsIndirectInputEvents = YES;
				INFOPLIST_KEY_UILaunchScreen_Generation = YES;
				INFOPLIST_KEY_UISupportedInterfaceOrientations_iPad = "UIInterfaceOrientationPortrait UIInterfaceOrientationPortraitUpsideDown UIInterfaceOrientationLandscapeLeft UIInterfaceOrientationLandscapeRight";
				INFOPLIST_KEY_UISupportedInterfaceOrientations_iPhone = "UIInterfaceOrientationPortrait UIInterfaceOrientationLandscapeLeft UIInterfaceOrientationLandscapeRight";
				LD_RUNPATH_SEARCH_PATHS = (
					"$(inherited)",
					"@executable_path/Frameworks",
				);
				MARKETING_VERSION = 1.0;
				PRODUCT_BUNDLE_IDENTIFIER = org.TimezoneFollower;
				PRODUCT_NAME = "$(TARGET_NAME)";
				SWIFT_EMIT_LOC_STRINGS = YES;
				SWIFT_VERSION = 5.0;
				TARGETED_DEVICE_FAMILY = "1,2";
			};
			name = Debug;
		};
		340F6FCB284598DE009A2A6D /* Release */ = {
			isa = XCBuildConfiguration;
			buildSettings = {
				ASSETCATALOG_COMPILER_APPICON_NAME = AppIcon;
				ASSETCATALOG_COMPILER_GLOBAL_ACCENT_COLOR_NAME = AccentColor;
				CODE_SIGN_STYLE = Automatic;
				CURRENT_PROJECT_VERSION = 1;
				DEVELOPMENT_ASSET_PATHS = "\"TimezoneFollower/Preview Content\"";
				DEVELOPMENT_TEAM = XP622UCQGG;
				ENABLE_PREVIEWS = YES;
				GENERATE_INFOPLIST_FILE = YES;
				INFOPLIST_KEY_UIApplicationSceneManifest_Generation = YES;
				INFOPLIST_KEY_UIApplicationSupportsIndirectInputEvents = YES;
				INFOPLIST_KEY_UILaunchScreen_Generation = YES;
				INFOPLIST_KEY_UISupportedInterfaceOrientations_iPad = "UIInterfaceOrientationPortrait UIInterfaceOrientationPortraitUpsideDown UIInterfaceOrientationLandscapeLeft UIInterfaceOrientationLandscapeRight";
				INFOPLIST_KEY_UISupportedInterfaceOrientations_iPhone = "UIInterfaceOrientationPortrait UIInterfaceOrientationLandscapeLeft UIInterfaceOrientationLandscapeRight";
				LD_RUNPATH_SEARCH_PATHS = (
					"$(inherited)",
					"@executable_path/Frameworks",
				);
				MARKETING_VERSION = 1.0;
				PRODUCT_BUNDLE_IDENTIFIER = org.TimezoneFollower;
				PRODUCT_NAME = "$(TARGET_NAME)";
				SWIFT_EMIT_LOC_STRINGS = YES;
				SWIFT_VERSION = 5.0;
				TARGETED_DEVICE_FAMILY = "1,2";
			};
			name = Release;
		};
		340F6FCD284598DE009A2A6D /* Debug */ = {
			isa = XCBuildConfiguration;
			buildSettings = {
				ALWAYS_EMBED_SWIFT_STANDARD_LIBRARIES = YES;
				BUNDLE_LOADER = "$(TEST_HOST)";
				CODE_SIGN_STYLE = Automatic;
				CURRENT_PROJECT_VERSION = 1;
				GENERATE_INFOPLIST_FILE = YES;
				IPHONEOS_DEPLOYMENT_TARGET = 15.2;
				MARKETING_VERSION = 1.0;
				PRODUCT_BUNDLE_IDENTIFIER = org.TimezoneFollowerTests;
				PRODUCT_NAME = "$(TARGET_NAME)";
				SWIFT_EMIT_LOC_STRINGS = NO;
				SWIFT_VERSION = 5.0;
				TARGETED_DEVICE_FAMILY = "1,2";
				TEST_HOST = "$(BUILT_PRODUCTS_DIR)/TimezoneFollower.app/TimezoneFollower";
			};
			name = Debug;
		};
		340F6FCE284598DE009A2A6D /* Release */ = {
			isa = XCBuildConfiguration;
			buildSettings = {
				ALWAYS_EMBED_SWIFT_STANDARD_LIBRARIES = YES;
				BUNDLE_LOADER = "$(TEST_HOST)";
				CODE_SIGN_STYLE = Automatic;
				CURRENT_PROJECT_VERSION = 1;
				GENERATE_INFOPLIST_FILE = YES;
				IPHONEOS_DEPLOYMENT_TARGET = 15.2;
				MARKETING_VERSION = 1.0;
				PRODUCT_BUNDLE_IDENTIFIER = org.TimezoneFollowerTests;
				PRODUCT_NAME = "$(TARGET_NAME)";
				SWIFT_EMIT_LOC_STRINGS = NO;
				SWIFT_VERSION = 5.0;
				TARGETED_DEVICE_FAMILY = "1,2";
				TEST_HOST = "$(BUILT_PRODUCTS_DIR)/TimezoneFollower.app/TimezoneFollower";
			};
			name = Release;
		};
		340F6FD0284598DE009A2A6D /* Debug */ = {
			isa = XCBuildConfiguration;
			buildSettings = {
				ALWAYS_EMBED_SWIFT_STANDARD_LIBRARIES = YES;
				CODE_SIGN_STYLE = Automatic;
				CURRENT_PROJECT_VERSION = 1;
				GENERATE_INFOPLIST_FILE = YES;
				MARKETING_VERSION = 1.0;
				PRODUCT_BUNDLE_IDENTIFIER = org.TimezoneFollowerUITests;
				PRODUCT_NAME = "$(TARGET_NAME)";
				SWIFT_EMIT_LOC_STRINGS = NO;
				SWIFT_VERSION = 5.0;
				TARGETED_DEVICE_FAMILY = "1,2";
				TEST_TARGET_NAME = TimezoneFollower;
			};
			name = Debug;
		};
		340F6FD1284598DE009A2A6D /* Release */ = {
			isa = XCBuildConfiguration;
			buildSettings = {
				ALWAYS_EMBED_SWIFT_STANDARD_LIBRARIES = YES;
				CODE_SIGN_STYLE = Automatic;
				CURRENT_PROJECT_VERSION = 1;
				GENERATE_INFOPLIST_FILE = YES;
				MARKETING_VERSION = 1.0;
				PRODUCT_BUNDLE_IDENTIFIER = org.TimezoneFollowerUITests;
				PRODUCT_NAME = "$(TARGET_NAME)";
				SWIFT_EMIT_LOC_STRINGS = NO;
				SWIFT_VERSION = 5.0;
				TARGETED_DEVICE_FAMILY = "1,2";
				TEST_TARGET_NAME = TimezoneFollower;
			};
			name = Release;
		};
/* End XCBuildConfiguration section */

/* Begin XCConfigurationList section */
		340F6FA0284598DC009A2A6D /* Build configuration list for PBXProject "TimezoneFollower" */ = {
			isa = XCConfigurationList;
			buildConfigurations = (
				340F6FC7284598DE009A2A6D /* Debug */,
				340F6FC8284598DE009A2A6D /* Release */,
			);
			defaultConfigurationIsVisible = 0;
			defaultConfigurationName = Release;
		};
		340F6FC9284598DE009A2A6D /* Build configuration list for PBXNativeTarget "TimezoneFollower" */ = {
			isa = XCConfigurationList;
			buildConfigurations = (
				340F6FCA284598DE009A2A6D /* Debug */,
				340F6FCB284598DE009A2A6D /* Release */,
			);
			defaultConfigurationIsVisible = 0;
			defaultConfigurationName = Release;
		};
		340F6FCC284598DE009A2A6D /* Build configuration list for PBXNativeTarget "TimezoneFollowerTests" */ = {
			isa = XCConfigurationList;
			buildConfigurations = (
				340F6FCD284598DE009A2A6D /* Debug */,
				340F6FCE284598DE009A2A6D /* Release */,
			);
			defaultConfigurationIsVisible = 0;
			defaultConfigurationName = Release;
		};
		340F6FCF284598DE009A2A6D /* Build configuration list for PBXNativeTarget "TimezoneFollowerUITests" */ = {
			isa = XCConfigurationList;
			buildConfigurations = (
				340F6FD0284598DE009A2A6D /* Debug */,
				340F6FD1284598DE009A2A6D /* Release */,
			);
			defaultConfigurationIsVisible = 0;
			defaultConfigurationName = Release;
		};
/* End XCConfigurationList section */
	};
	rootObject = 340F6F9D284598DC009A2A6D /* Project object */;
}
